<?xml version="1.0" encoding="utf-8"?>
<Project ToolsVersion="4.0" xmlns="http://schemas.microsoft.com/developer/msbuild/2003">
  <ItemGroup>
    <ClCompile Include="main.cpp" />
    <ClCompile Include="Main_old.cpp" />
    <ClCompile Include="system.cpp" />
    <ClCompile Include="renderer.cpp" />
    <ClCompile Include="gameLogic.cpp" />
    <ClCompile Include="errors.cpp" />
    <ClCompile Include="Vect.cpp" />
    <ClCompile Include="Renderable.cpp" />
    <ClCompile Include="MetroTrain.cpp" />
    <ClCompile Include="Line.cpp" />
    <ClCompile Include="Test.cpp" />
  </ItemGroup>
  <ItemGroup>
    <ClInclude Include="system.h" />
    <ClInclude Include="Vect.h" />
    <ClInclude Include="Renderable.h" />
    <ClInclude Include="MetroTrain.h" />
    <ClInclude Include="Line.h" />
    <ClInclude Include="Test.h" />
  </ItemGroup>
</Project>