<?xml version="1.0" encoding="utf-8"?>
<Project ToolsVersion="4.0" xmlns="http://schemas.microsoft.com/developer/msbuild/2003">
  <ItemGroup>
    <ClCompile Include="bigimage.cpp" />
    <ClCompile Include="errors.cpp" />
    <ClCompile Include="Font.cpp" />
    <ClCompile Include="GameEndScene.cpp" />
    <ClCompile Include="GameScene3D.cpp" />
    <ClCompile Include="HelpScene.cpp" />
    <ClCompile Include="Line.cpp" />
    <ClCompile Include="linedetection.cpp" />
    <ClCompile Include="main.cpp" />
    <ClCompile Include="MainMenuScene.cpp" />
    <ClCompile Include="Main_old.cpp" />
    <ClCompile Include="MetroStation.cpp" />
    <ClCompile Include="MetroTrain.cpp" />
    <ClCompile Include="ModelLoader.cpp" />
    <ClCompile Include="ObjModel.cpp" />
    <ClCompile Include="PauseScene.cpp" />
    <ClCompile Include="Passengers.cpp" />
    <ClCompile Include="Renderable.cpp" />
    <ClCompile Include="RenderableOutput.cpp" />
    <ClCompile Include="SceneManager.cpp" />
    <ClCompile Include="IScene.cpp" />
    <ClCompile Include="Sound.cpp" />
    <ClCompile Include="SoundManager.cpp" />
    <ClCompile Include="Text.cpp" />
    <ClCompile Include="Texture.cpp" />
    <ClCompile Include="Vect.cpp" />
    <ClCompile Include="VertexClass.cpp" />
    <ClCompile Include="Vision.cpp" />
  </ItemGroup>
  <ItemGroup>
    <ClInclude Include="Color.h" />
    <ClInclude Include="Font.h" />
    <ClInclude Include="GameEndScene.h" />
    <ClInclude Include="GameScene3D.h" />
    <ClInclude Include="HelpScene.h" />
    <ClInclude Include="linedetection.h" />
    <ClInclude Include="MainMenuScene.h" />
    <ClInclude Include="IScene.h" />
    <ClInclude Include="MetroStation.h" />
    <ClInclude Include="Line.h" />
    <ClInclude Include="MetroTrain.h" />
    <ClInclude Include="ModelLoader.h" />
    <ClInclude Include="ObjModel.h" />
    <ClInclude Include="PauseScene.h" />
    <ClInclude Include="Passengers.h" />
    <ClInclude Include="Renderable.h" />
    <ClInclude Include="RenderableOutput.h" />
    <ClInclude Include="SceneManager.h" />
    <ClInclude Include="Sound.h" />
    <ClInclude Include="SoundManager.h" />
    <ClInclude Include="stb_image.h" />
    <ClInclude Include="system.h" />
    <ClInclude Include="Test.h" />
    <ClInclude Include="Text.h" />
    <ClInclude Include="Texture.h" />
    <ClInclude Include="Vect.h" />
    <ClInclude Include="VertexClass.h" />
    <ClInclude Include="Vision.h" />
  </ItemGroup>
</Project>